
Microsoft Visual Studio Solution File, Format Version 12.00
# Visual Studio Version 17
VisualStudioVersion = 17.5.002.0
MinimumVisualStudioVersion = 10.0.40219.1
Project("{9A19103F-16F7-4668-BE54-9A1E7A4F7556}") = "ProjectManager", "ProjectManager.csproj", "{1584B1E1-7E26-47AD-871F-B6DB2CE04244}"
EndProject
Global
	GlobalSection(SolutionConfigurationPlatforms) = preSolution
		Debug|Any CPU = Debug|Any CPU
		Release|Any CPU = Release|Any CPU
	EndGlobalSection
	GlobalSection(ProjectConfigurationPlatforms) = postSolution
		{1584B1E1-7E26-47AD-871F-B6DB2CE04244}.Debug|Any CPU.ActiveCfg = Debug|Any CPU
		{1584B1E1-7E26-47AD-871F-B6DB2CE04244}.Debug|Any CPU.Build.0 = Debug|Any CPU
		{1584B1E1-7E26-47AD-871F-B6DB2CE04244}.Release|Any CPU.ActiveCfg = Release|Any CPU
		{1584B1E1-7E26-47AD-871F-B6DB2CE04244}.Release|Any CPU.Build.0 = Release|Any CPU
	EndGlobalSection
	GlobalSection(SolutionProperties) = preSolution
		HideSolutionNode = FALSE
	EndGlobalSection
	GlobalSection(ExtensibilityGlobals) = postSolution
		SolutionGuid = {7CEAFE3E-E53D-48F6-990C-08C73EF91F0D}
	EndGlobalSection
EndGlobal
